
Microsoft Visual Studio Solution File, Format Version 12.00
# Visual Studio 15
VisualStudioVersion = 15.0.27004.2006
MinimumVisualStudioVersion = 10.0.40219.1
Project("{FAE04EC0-301F-11D3-BF4B-00C04F79EFBC}") = "EventsAndDelegates", "EventsAndDelegates\EventsAndDelegates.csproj", "{44650953-28DA-4C37-8050-63BA94780AA6}"
EndProject
Global
	GlobalSection(SolutionConfigurationPlatforms) = preSolution
		Debug|Any CPU = Debug|Any CPU
		Release|Any CPU = Release|Any CPU
	EndGlobalSection
	GlobalSection(ProjectConfigurationPlatforms) = postSolution
		{44650953-28DA-4C37-8050-63BA94780AA6}.Debug|Any CPU.ActiveCfg = Debug|Any CPU
		{44650953-28DA-4C37-8050-63BA94780AA6}.Debug|Any CPU.Build.0 = Debug|Any CPU
		{44650953-28DA-4C37-8050-63BA94780AA6}.Release|Any CPU.ActiveCfg = Release|Any CPU
		{44650953-28DA-4C37-8050-63BA94780AA6}.Release|Any CPU.Build.0 = Release|Any CPU
	EndGlobalSection
	GlobalSection(SolutionProperties) = preSolution
		HideSolutionNode = FALSE
	EndGlobalSection
	GlobalSection(ExtensibilityGlobals) = postSolution
		SolutionGuid = {D94706ED-4879-46DC-9D83-146E2B8C8EA1}
	EndGlobalSection
EndGlobal
